
Microsoft Visual Studio Solution File, Format Version 12.00
# Visual Studio Version 16
VisualStudioVersion = 16.0.30114.105
MinimumVisualStudioVersion = 10.0.40219.1
Project("{FAE04EC0-301F-11D3-BF4B-00C04F79EFBC}") = "SignalRStreaming", "SignalRStreaming\SignalRStreaming.csproj", "{4C1D41C8-BC04-4510-8B19-88CDF1D8507E}"
EndProject
Global
	GlobalSection(SolutionConfigurationPlatforms) = preSolution
		Debug|Any CPU = Debug|Any CPU
		Release|Any CPU = Release|Any CPU
	EndGlobalSection
	GlobalSection(ProjectConfigurationPlatforms) = postSolution
		{4C1D41C8-BC04-4510-8B19-88CDF1D8507E}.Debug|Any CPU.ActiveCfg = Debug|Any CPU
		{4C1D41C8-BC04-4510-8B19-88CDF1D8507E}.Debug|Any CPU.Build.0 = Debug|Any CPU
		{4C1D41C8-BC04-4510-8B19-88CDF1D8507E}.Release|Any CPU.ActiveCfg = Release|Any CPU
		{4C1D41C8-BC04-4510-8B19-88CDF1D8507E}.Release|Any CPU.Build.0 = Release|Any CPU
	EndGlobalSection
	GlobalSection(SolutionProperties) = preSolution
		HideSolutionNode = FALSE
	EndGlobalSection
	GlobalSection(ExtensibilityGlobals) = postSolution
		SolutionGuid = {B1A0C15A-C9EB-44E4-8EE5-0892117845CE}
	EndGlobalSection
EndGlobal
